
Microsoft Visual Studio Solution File, Format Version 12.00
# Visual Studio Version 17
VisualStudioVersion = 17.0.31903.59
MinimumVisualStudioVersion = 10.0.40219.1
Project("{2150E333-8FDC-42A3-9474-1A3956D46DE8}") = "src", "src", "{827E0CD3-B72D-47B6-A68D-7590B98EB39B}"
EndProject
Project("{FAE04EC0-301F-11D3-BF4B-00C04F79EFBC}") = "AntMedia.Net.Android", "src\AntMedia.Net.Android\AntMedia.Net.Android.csproj", "{534F5126-4800-4667-B50C-16CF1CE2C671}"
EndProject
Project("{FAE04EC0-301F-11D3-BF4B-00C04F79EFBC}") = "AntMedia.Net.iOS", "src\AntMedia.Net.iOS\AntMedia.Net.iOS.csproj", "{29B08748-26AE-4BDF-BD64-27AE66D1FF11}"
EndProject
Project("{FAE04EC0-301F-11D3-BF4B-00C04F79EFBC}") = "AntMedia.Net", "src\AntMedia.Net\AntMedia.Net.csproj", "{B3260FB7-D288-4839-8D87-D2082B6BB08B}"
EndProject
Project("{FAE04EC0-301F-11D3-BF4B-00C04F79EFBC}") = "AntMedia.Net.PackageTests", "tests\AntMedia.Net.PackageTests\AntMedia.Net.PackageTests.csproj", "{A399B18F-5AD2-496D-9B7C-4A05CBFA7726}"
EndProject
Project("{FAE04EC0-301F-11D3-BF4B-00C04F79EFBC}") = "AntMedia.Net.Android.DeviceTests", "tests\AntMedia.Net.Android.DeviceTests\AntMedia.Net.Android.DeviceTests.csproj", "{BC8B7F3E-4296-4D9E-B971-BEECD6D07B5C}"
EndProject
Project("{FAE04EC0-301F-11D3-BF4B-00C04F79EFBC}") = "AntMedia.Net.iOS.DeviceTests", "tests\AntMedia.Net.iOS.DeviceTests\AntMedia.Net.iOS.DeviceTests.csproj", "{10C858A3-9AA2-409E-8E7F-858EA191F025}"
EndProject
Project("{FAE04EC0-301F-11D3-BF4B-00C04F79EFBC}") = "AntMedia.Net.Sample", "samples\AntMedia.Net.Sample\AntMedia.Net.Sample.csproj", "{3C485E9B-A632-45AC-9E9B-B8A546E2BBE2}"
EndProject
Project("{FAE04EC0-301F-11D3-BF4B-00C04F79EFBC}") = "AntMedia.Net.Maui", "src\AntMedia.Net.Maui\AntMedia.Net.Maui.csproj", "{0FE80AB8-1D97-45D1-8F37-5F1C00E1BD26}"
EndProject
Global
	GlobalSection(SolutionConfigurationPlatforms) = preSolution
		Debug|Any CPU = Debug|Any CPU
		Debug|x64 = Debug|x64
		Debug|x86 = Debug|x86
		Release|Any CPU = Release|Any CPU
		Release|x64 = Release|x64
		Release|x86 = Release|x86
	EndGlobalSection
	GlobalSection(ProjectConfigurationPlatforms) = postSolution
		{534F5126-4800-4667-B50C-16CF1CE2C671}.Debug|Any CPU.ActiveCfg = Debug|Any CPU
		{534F5126-4800-4667-B50C-16CF1CE2C671}.Debug|Any CPU.Build.0 = Debug|Any CPU
		{534F5126-4800-4667-B50C-16CF1CE2C671}.Debug|x64.ActiveCfg = Debug|Any CPU
		{534F5126-4800-4667-B50C-16CF1CE2C671}.Debug|x64.Build.0 = Debug|Any CPU
		{534F5126-4800-4667-B50C-16CF1CE2C671}.Debug|x86.ActiveCfg = Debug|Any CPU
		{534F5126-4800-4667-B50C-16CF1CE2C671}.Debug|x86.Build.0 = Debug|Any CPU
		{534F5126-4800-4667-B50C-16CF1CE2C671}.Release|Any CPU.ActiveCfg = Release|Any CPU
		{534F5126-4800-4667-B50C-16CF1CE2C671}.Release|Any CPU.Build.0 = Release|Any CPU
		{534F5126-4800-4667-B50C-16CF1CE2C671}.Release|x64.ActiveCfg = Release|Any CPU
		{534F5126-4800-4667-B50C-16CF1CE2C671}.Release|x64.Build.0 = Release|Any CPU
		{534F5126-4800-4667-B50C-16CF1CE2C671}.Release|x86.ActiveCfg = Release|Any CPU
		{534F5126-4800-4667-B50C-16CF1CE2C671}.Release|x86.Build.0 = Release|Any CPU
		{29B08748-26AE-4BDF-BD64-27AE66D1FF11}.Debug|Any CPU.ActiveCfg = Debug|Any CPU
		{29B08748-26AE-4BDF-BD64-27AE66D1FF11}.Debug|Any CPU.Build.0 = Debug|Any CPU
		{29B08748-26AE-4BDF-BD64-27AE66D1FF11}.Debug|x64.ActiveCfg = Debug|Any CPU
		{29B08748-26AE-4BDF-BD64-27AE66D1FF11}.Debug|x64.Build.0 = Debug|Any CPU
		{29B08748-26AE-4BDF-BD64-27AE66D1FF11}.Debug|x86.ActiveCfg = Debug|Any CPU
		{29B08748-26AE-4BDF-BD64-27AE66D1FF11}.Debug|x86.Build.0 = Debug|Any CPU
		{29B08748-26AE-4BDF-BD64-27AE66D1FF11}.Release|Any CPU.ActiveCfg = Release|Any CPU
		{29B08748-26AE-4BDF-BD64-27AE66D1FF11}.Release|Any CPU.Build.0 = Release|Any CPU
		{29B08748-26AE-4BDF-BD64-27AE66D1FF11}.Release|x64.ActiveCfg = Release|Any CPU
		{29B08748-26AE-4BDF-BD64-27AE66D1FF11}.Release|x64.Build.0 = Release|Any CPU
		{29B08748-26AE-4BDF-BD64-27AE66D1FF11}.Release|x86.ActiveCfg = Release|Any CPU
		{29B08748-26AE-4BDF-BD64-27AE66D1FF11}.Release|x86.Build.0 = Release|Any CPU
		{B3260FB7-D288-4839-8D87-D2082B6BB08B}.Debug|Any CPU.ActiveCfg = Debug|Any CPU
		{B3260FB7-D288-4839-8D87-D2082B6BB08B}.Debug|Any CPU.Build.0 = Debug|Any CPU
		{B3260FB7-D288-4839-8D87-D2082B6BB08B}.Debug|x64.ActiveCfg = Debug|Any CPU
		{B3260FB7-D288-4839-8D87-D2082B6BB08B}.Debug|x64.Build.0 = Debug|Any CPU
		{B3260FB7-D288-4839-8D87-D2082B6BB08B}.Debug|x86.ActiveCfg = Debug|Any CPU
		{B3260FB7-D288-4839-8D87-D2082B6BB08B}.Debug|x86.Build.0 = Debug|Any CPU
		{B3260FB7-D288-4839-8D87-D2082B6BB08B}.Release|Any CPU.ActiveCfg = Release|Any CPU
		{B3260FB7-D288-4839-8D87-D2082B6BB08B}.Release|Any CPU.Build.0 = Release|Any CPU
		{B3260FB7-D288-4839-8D87-D2082B6BB08B}.Release|x64.ActiveCfg = Release|Any CPU
		{B3260FB7-D288-4839-8D87-D2082B6BB08B}.Release|x64.Build.0 = Release|Any CPU
		{B3260FB7-D288-4839-8D87-D2082B6BB08B}.Release|x86.ActiveCfg = Release|Any CPU
		{B3260FB7-D288-4839-8D87-D2082B6BB08B}.Release|x86.Build.0 = Release|Any CPU
		{A399B18F-5AD2-496D-9B7C-4A05CBFA7726}.Debug|Any CPU.ActiveCfg = Debug|Any CPU
		{A399B18F-5AD2-496D-9B7C-4A05CBFA7726}.Debug|Any CPU.Build.0 = Debug|Any CPU
		{A399B18F-5AD2-496D-9B7C-4A05CBFA7726}.Debug|x64.ActiveCfg = Debug|Any CPU
		{A399B18F-5AD2-496D-9B7C-4A05CBFA7726}.Debug|x64.Build.0 = Debug|Any CPU
		{A399B18F-5AD2-496D-9B7C-4A05CBFA7726}.Debug|x86.ActiveCfg = Debug|Any CPU
		{A399B18F-5AD2-496D-9B7C-4A05CBFA7726}.Debug|x86.Build.0 = Debug|Any CPU
		{A399B18F-5AD2-496D-9B7C-4A05CBFA7726}.Release|Any CPU.ActiveCfg = Release|Any CPU
		{A399B18F-5AD2-496D-9B7C-4A05CBFA7726}.Release|Any CPU.Build.0 = Release|Any CPU
		{A399B18F-5AD2-496D-9B7C-4A05CBFA7726}.Release|x64.ActiveCfg = Release|Any CPU
		{A399B18F-5AD2-496D-9B7C-4A05CBFA7726}.Release|x64.Build.0 = Release|Any CPU
		{A399B18F-5AD2-496D-9B7C-4A05CBFA7726}.Release|x86.ActiveCfg = Release|Any CPU
		{A399B18F-5AD2-496D-9B7C-4A05CBFA7726}.Release|x86.Build.0 = Release|Any CPU
		{BC8B7F3E-4296-4D9E-B971-BEECD6D07B5C}.Debug|Any CPU.ActiveCfg = Debug|Any CPU
		{BC8B7F3E-4296-4D9E-B971-BEECD6D07B5C}.Debug|Any CPU.Build.0 = Debug|Any CPU
		{BC8B7F3E-4296-4D9E-B971-BEECD6D07B5C}.Debug|x64.ActiveCfg = Debug|Any CPU
		{BC8B7F3E-4296-4D9E-B971-BEECD6D07B5C}.Debug|x64.Build.0 = Debug|Any CPU
		{BC8B7F3E-4296-4D9E-B971-BEECD6D07B5C}.Debug|x86.ActiveCfg = Debug|Any CPU
		{BC8B7F3E-4296-4D9E-B971-BEECD6D07B5C}.Debug|x86.Build.0 = Debug|Any CPU
		{BC8B7F3E-4296-4D9E-B971-BEECD6D07B5C}.Release|Any CPU.ActiveCfg = Release|Any CPU
		{BC8B7F3E-4296-4D9E-B971-BEECD6D07B5C}.Release|Any CPU.Build.0 = Release|Any CPU
		{BC8B7F3E-4296-4D9E-B971-BEECD6D07B5C}.Release|x64.ActiveCfg = Release|Any CPU
		{BC8B7F3E-4296-4D9E-B971-BEECD6D07B5C}.Release|x64.Build.0 = Release|Any CPU
		{BC8B7F3E-4296-4D9E-B971-BEECD6D07B5C}.Release|x86.ActiveCfg = Release|Any CPU
		{BC8B7F3E-4296-4D9E-B971-BEECD6D07B5C}.Release|x86.Build.0 = Release|Any CPU
		{10C858A3-9AA2-409E-8E7F-858EA191F025}.Debug|Any CPU.ActiveCfg = Debug|Any CPU
		{10C858A3-9AA2-409E-8E7F-858EA191F025}.Debug|Any CPU.Build.0 = Debug|Any CPU
		{10C858A3-9AA2-409E-8E7F-858EA191F025}.Debug|x64.ActiveCfg = Debug|Any CPU
		{10C858A3-9AA2-409E-8E7F-858EA191F025}.Debug|x64.Build.0 = Debug|Any CPU
		{10C858A3-9AA2-409E-8E7F-858EA191F025}.Debug|x86.ActiveCfg = Debug|Any CPU
		{10C858A3-9AA2-409E-8E7F-858EA191F025}.Debug|x86.Build.0 = Debug|Any CPU
		{10C858A3-9AA2-409E-8E7F-858EA191F025}.Release|Any CPU.ActiveCfg = Release|Any CPU
		{10C858A3-9AA2-409E-8E7F-858EA191F025}.Release|Any CPU.Build.0 = Release|Any CPU
		{10C858A3-9AA2-409E-8E7F-858EA191F025}.Release|x64.ActiveCfg = Release|Any CPU
		{10C858A3-9AA2-409E-8E7F-858EA191F025}.Release|x64.Build.0 = Release|Any CPU
		{10C858A3-9AA2-409E-8E7F-858EA191F025}.Release|x86.ActiveCfg = Release|Any CPU
		{10C858A3-9AA2-409E-8E7F-858EA191F025}.Release|x86.Build.0 = Release|Any CPU
		{3C485E9B-A632-45AC-9E9B-B8A546E2BBE2}.Debug|Any CPU.ActiveCfg = Debug|Any CPU
		{3C485E9B-A632-45AC-9E9B-B8A546E2BBE2}.Debug|Any CPU.Build.0 = Debug|Any CPU
		{3C485E9B-A632-45AC-9E9B-B8A546E2BBE2}.Debug|x64.ActiveCfg = Debug|Any CPU
		{3C485E9B-A632-45AC-9E9B-B8A546E2BBE2}.Debug|x64.Build.0 = Debug|Any CPU
		{3C485E9B-A632-45AC-9E9B-B8A546E2BBE2}.Debug|x86.ActiveCfg = Debug|Any CPU
		{3C485E9B-A632-45AC-9E9B-B8A546E2BBE2}.Debug|x86.Build.0 = Debug|Any CPU
		{3C485E9B-A632-45AC-9E9B-B8A546E2BBE2}.Release|Any CPU.ActiveCfg = Release|Any CPU
		{3C485E9B-A632-45AC-9E9B-B8A546E2BBE2}.Release|Any CPU.Build.0 = Release|Any CPU
		{3C485E9B-A632-45AC-9E9B-B8A546E2BBE2}.Release|x64.ActiveCfg = Release|Any CPU
		{3C485E9B-A632-45AC-9E9B-B8A546E2BBE2}.Release|x64.Build.0 = Release|Any CPU
		{3C485E9B-A632-45AC-9E9B-B8A546E2BBE2}.Release|x86.ActiveCfg = Release|Any CPU
		{3C485E9B-A632-45AC-9E9B-B8A546E2BBE2}.Release|x86.Build.0 = Release|Any CPU
		{0FE80AB8-1D97-45D1-8F37-5F1C00E1BD26}.Debug|Any CPU.ActiveCfg = Debug|Any CPU
		{0FE80AB8-1D97-45D1-8F37-5F1C00E1BD26}.Debug|Any CPU.Build.0 = Debug|Any CPU
		{0FE80AB8-1D97-45D1-8F37-5F1C00E1BD26}.Debug|x64.ActiveCfg = Debug|Any CPU
		{0FE80AB8-1D97-45D1-8F37-5F1C00E1BD26}.Debug|x64.Build.0 = Debug|Any CPU
		{0FE80AB8-1D97-45D1-8F37-5F1C00E1BD26}.Debug|x86.ActiveCfg = Debug|Any CPU
		{0FE80AB8-1D97-45D1-8F37-5F1C00E1BD26}.Debug|x86.Build.0 = Debug|Any CPU
		{0FE80AB8-1D97-45D1-8F37-5F1C00E1BD26}.Release|Any CPU.ActiveCfg = Release|Any CPU
		{0FE80AB8-1D97-45D1-8F37-5F1C00E1BD26}.Release|Any CPU.Build.0 = Release|Any CPU
		{0FE80AB8-1D97-45D1-8F37-5F1C00E1BD26}.Release|x64.ActiveCfg = Release|Any CPU
		{0FE80AB8-1D97-45D1-8F37-5F1C00E1BD26}.Release|x64.Build.0 = Release|Any CPU
		{0FE80AB8-1D97-45D1-8F37-5F1C00E1BD26}.Release|x86.ActiveCfg = Release|Any CPU
		{0FE80AB8-1D97-45D1-8F37-5F1C00E1BD26}.Release|x86.Build.0 = Release|Any CPU
	EndGlobalSection
	GlobalSection(SolutionProperties) = preSolution
		HideSolutionNode = FALSE
	EndGlobalSection
	GlobalSection(NestedProjects) = preSolution
		{534F5126-4800-4667-B50C-16CF1CE2C671} = {827E0CD3-B72D-47B6-A68D-7590B98EB39B}
		{29B08748-26AE-4BDF-BD64-27AE66D1FF11} = {827E0CD3-B72D-47B6-A68D-7590B98EB39B}
		{B3260FB7-D288-4839-8D87-D2082B6BB08B} = {827E0CD3-B72D-47B6-A68D-7590B98EB39B}
		{A399B18F-5AD2-496D-9B7C-4A05CBFA7726} = {827E0CD3-B72D-47B6-A68D-7590B98EB39B}
		{BC8B7F3E-4296-4D9E-B971-BEECD6D07B5C} = {827E0CD3-B72D-47B6-A68D-7590B98EB39B}
		{10C858A3-9AA2-409E-8E7F-858EA191F025} = {827E0CD3-B72D-47B6-A68D-7590B98EB39B}
		{3C485E9B-A632-45AC-9E9B-B8A546E2BBE2} = {827E0CD3-B72D-47B6-A68D-7590B98EB39B}
		{0FE80AB8-1D97-45D1-8F37-5F1C00E1BD26} = {827E0CD3-B72D-47B6-A68D-7590B98EB39B}
	EndGlobalSection
EndGlobal
