
Microsoft Visual Studio Solution File, Format Version 12.00
# Visual Studio Version 16
VisualStudioVersion = 25.0.1706.8
MinimumVisualStudioVersion = 10.0.40219.1
Project("{FAE04EC0-301F-11D3-BF4B-00C04F79EFBC}") = "OpenTok", "OpenTok.csproj", "{027AF7B9-6F90-4882-A66C-13F9261B2E79}"
EndProject
Global
	GlobalSection(SolutionConfigurationPlatforms) = preSolution
		Debug|Any CPU = Debug|Any CPU
		Release|Any CPU = Release|Any CPU
	EndGlobalSection
	GlobalSection(ProjectConfigurationPlatforms) = postSolution
		{027AF7B9-6F90-4882-A66C-13F9261B2E79}.Debug|Any CPU.ActiveCfg = Debug|Any CPU
		{027AF7B9-6F90-4882-A66C-13F9261B2E79}.Debug|Any CPU.Build.0 = Debug|Any CPU
		{027AF7B9-6F90-4882-A66C-13F9261B2E79}.Release|Any CPU.ActiveCfg = Release|Any CPU
		{027AF7B9-6F90-4882-A66C-13F9261B2E79}.Release|Any CPU.Build.0 = Release|Any CPU
	EndGlobalSection
	GlobalSection(SolutionProperties) = preSolution
		HideSolutionNode = FALSE
	EndGlobalSection
	GlobalSection(ExtensibilityGlobals) = postSolution
		SolutionGuid = {ADC587A3-9BCF-4707-B3FA-D2881E3E58C2}
	EndGlobalSection
EndGlobal
